
Microsoft Visual Studio Solution File, Format Version 12.00
# Visual Studio Version 17
VisualStudioVersion = 17.9.34728.123
MinimumVisualStudioVersion = 10.0.40219.1
Project("{FAE04EC0-301F-11D3-BF4B-00C04F79EFBC}") = "Worker-Service-Sample", "Worker-Service-Sample\Worker-Service-Sample.csproj", "{FF8E7CBF-42C5-4334-9C90-256B4F597E8F}"
EndProject
Global
	GlobalSection(SolutionConfigurationPlatforms) = preSolution
		Debug|Any CPU = Debug|Any CPU
		Release|Any CPU = Release|Any CPU
	EndGlobalSection
	GlobalSection(ProjectConfigurationPlatforms) = postSolution
		{FF8E7CBF-42C5-4334-9C90-256B4F597E8F}.Debug|Any CPU.ActiveCfg = Debug|Any CPU
		{FF8E7CBF-42C5-4334-9C90-256B4F597E8F}.Debug|Any CPU.Build.0 = Debug|Any CPU
		{FF8E7CBF-42C5-4334-9C90-256B4F597E8F}.Release|Any CPU.ActiveCfg = Release|Any CPU
		{FF8E7CBF-42C5-4334-9C90-256B4F597E8F}.Release|Any CPU.Build.0 = Release|Any CPU
	EndGlobalSection
	GlobalSection(SolutionProperties) = preSolution
		HideSolutionNode = FALSE
	EndGlobalSection
	GlobalSection(ExtensibilityGlobals) = postSolution
		SolutionGuid = {7D1FA100-0769-4675-9365-E1639B976FD0}
	EndGlobalSection
EndGlobal
